
Microsoft Visual Studio Solution File, Format Version 12.00
# Visual Studio 14
VisualStudioVersion = 14.0.25420.1
MinimumVisualStudioVersion = 10.0.40219.1
Project("{FAE04EC0-301F-11D3-BF4B-00C04F79EFBC}") = "ProgramUI", "ProgramUI\ProgramUI.csproj", "{7542F1B6-FA79-4BA6-B896-6DA998D1CE9B}"
EndProject
Project("{FAE04EC0-301F-11D3-BF4B-00C04F79EFBC}") = "EFModelLibrary", "EFModelLibrary\EFModelLibrary.csproj", "{0BE832D3-8464-48BE-A937-BF90C6518604}"
EndProject
Project("{FAE04EC0-301F-11D3-BF4B-00C04F79EFBC}") = "BusinessLogicLibrary", "BusinessLogicLibrary\BusinessLogicLibrary.csproj", "{8B388D20-BA37-49CB-84B4-23382F545D51}"
EndProject
Project("{FAE04EC0-301F-11D3-BF4B-00C04F79EFBC}") = "Mvc", "Mvc\Mvc.csproj", "{C3451AFA-5D2C-46AF-A2A2-91BA9ACC085B}"
EndProject
Global
	GlobalSection(SolutionConfigurationPlatforms) = preSolution
		Debug|Any CPU = Debug|Any CPU
		Release|Any CPU = Release|Any CPU
	EndGlobalSection
	GlobalSection(ProjectConfigurationPlatforms) = postSolution
		{7542F1B6-FA79-4BA6-B896-6DA998D1CE9B}.Debug|Any CPU.ActiveCfg = Debug|Any CPU
		{7542F1B6-FA79-4BA6-B896-6DA998D1CE9B}.Debug|Any CPU.Build.0 = Debug|Any CPU
		{7542F1B6-FA79-4BA6-B896-6DA998D1CE9B}.Release|Any CPU.ActiveCfg = Release|Any CPU
		{7542F1B6-FA79-4BA6-B896-6DA998D1CE9B}.Release|Any CPU.Build.0 = Release|Any CPU
		{0BE832D3-8464-48BE-A937-BF90C6518604}.Debug|Any CPU.ActiveCfg = Debug|Any CPU
		{0BE832D3-8464-48BE-A937-BF90C6518604}.Debug|Any CPU.Build.0 = Debug|Any CPU
		{0BE832D3-8464-48BE-A937-BF90C6518604}.Release|Any CPU.ActiveCfg = Release|Any CPU
		{0BE832D3-8464-48BE-A937-BF90C6518604}.Release|Any CPU.Build.0 = Release|Any CPU
		{8B388D20-BA37-49CB-84B4-23382F545D51}.Debug|Any CPU.ActiveCfg = Debug|Any CPU
		{8B388D20-BA37-49CB-84B4-23382F545D51}.Debug|Any CPU.Build.0 = Debug|Any CPU
		{8B388D20-BA37-49CB-84B4-23382F545D51}.Release|Any CPU.ActiveCfg = Release|Any CPU
		{8B388D20-BA37-49CB-84B4-23382F545D51}.Release|Any CPU.Build.0 = Release|Any CPU
		{C3451AFA-5D2C-46AF-A2A2-91BA9ACC085B}.Debug|Any CPU.ActiveCfg = Debug|Any CPU
		{C3451AFA-5D2C-46AF-A2A2-91BA9ACC085B}.Debug|Any CPU.Build.0 = Debug|Any CPU
		{C3451AFA-5D2C-46AF-A2A2-91BA9ACC085B}.Release|Any CPU.ActiveCfg = Release|Any CPU
		{C3451AFA-5D2C-46AF-A2A2-91BA9ACC085B}.Release|Any CPU.Build.0 = Release|Any CPU
	EndGlobalSection
	GlobalSection(SolutionProperties) = preSolution
		HideSolutionNode = FALSE
	EndGlobalSection
EndGlobal
